
Microsoft Visual Studio Solution File, Format Version 12.00
# Visual Studio Version 16
VisualStudioVersion = 16.0.29209.62
MinimumVisualStudioVersion = 10.0.40219.1
Project("{FAE04EC0-301F-11D3-BF4B-00C04F79EFBC}") = "FontDilalog", "FontDilalog\FontDilalog.csproj", "{52ACB007-76D0-4A91-AD1E-48A8855088C8}"
EndProject
Global
	GlobalSection(SolutionConfigurationPlatforms) = preSolution
		Debug|Any CPU = Debug|Any CPU
		Release|Any CPU = Release|Any CPU
	EndGlobalSection
	GlobalSection(ProjectConfigurationPlatforms) = postSolution
		{52ACB007-76D0-4A91-AD1E-48A8855088C8}.Debug|Any CPU.ActiveCfg = Debug|Any CPU
		{52ACB007-76D0-4A91-AD1E-48A8855088C8}.Debug|Any CPU.Build.0 = Debug|Any CPU
		{52ACB007-76D0-4A91-AD1E-48A8855088C8}.Release|Any CPU.ActiveCfg = Release|Any CPU
		{52ACB007-76D0-4A91-AD1E-48A8855088C8}.Release|Any CPU.Build.0 = Release|Any CPU
	EndGlobalSection
	GlobalSection(SolutionProperties) = preSolution
		HideSolutionNode = FALSE
	EndGlobalSection
	GlobalSection(ExtensibilityGlobals) = postSolution
		SolutionGuid = {7270F643-5913-44A1-891C-2143DBA08DED}
	EndGlobalSection
EndGlobal
